
Microsoft Visual Studio Solution File, Format Version 12.00
# Visual Studio Version 17
VisualStudioVersion = 17.11.35312.102
MinimumVisualStudioVersion = 10.0.40219.1
Project("{FAE04EC0-301F-11D3-BF4B-00C04F79EFBC}") = "MeuAppMinhasCompras", "MeuAppMinhasCompras\MeuAppMinhasCompras.csproj", "{57049389-8993-45E7-BDD7-1EDBE8D84900}"
EndProject
Global
	GlobalSection(SolutionConfigurationPlatforms) = preSolution
		Debug|Any CPU = Debug|Any CPU
		Release|Any CPU = Release|Any CPU
	EndGlobalSection
	GlobalSection(ProjectConfigurationPlatforms) = postSolution
		{57049389-8993-45E7-BDD7-1EDBE8D84900}.Debug|Any CPU.ActiveCfg = Debug|Any CPU
		{57049389-8993-45E7-BDD7-1EDBE8D84900}.Debug|Any CPU.Build.0 = Debug|Any CPU
		{57049389-8993-45E7-BDD7-1EDBE8D84900}.Debug|Any CPU.Deploy.0 = Debug|Any CPU
		{57049389-8993-45E7-BDD7-1EDBE8D84900}.Release|Any CPU.ActiveCfg = Release|Any CPU
		{57049389-8993-45E7-BDD7-1EDBE8D84900}.Release|Any CPU.Build.0 = Release|Any CPU
		{57049389-8993-45E7-BDD7-1EDBE8D84900}.Release|Any CPU.Deploy.0 = Release|Any CPU
	EndGlobalSection
	GlobalSection(SolutionProperties) = preSolution
		HideSolutionNode = FALSE
	EndGlobalSection
	GlobalSection(ExtensibilityGlobals) = postSolution
		SolutionGuid = {D5778F2A-DAAD-4D57-B580-5A2D0F80D1F6}
	EndGlobalSection
EndGlobal
